{
  "name": "hesperian-mobile",
  "version": "1.0.0",
  "lockfileVersion": 1,
  "requires": true,
  "dependencies": {
    "commander": {
      "version": "2.20.0",
      "resolved": "https://registry.npmjs.org/commander/-/commander-2.20.0.tgz",
      "integrity": "sha512-7j2y+40w61zy6YC2iRNpUe/NwhNyoXrYpHMrSunaMG64nRnaf96zO/KMQR4OyN/UnE5KLyEBnKHd4aG3rskjpQ==",
      "dev": true,
      "optional": true
    },
    "dom7": {
      "version": "2.1.3",
      "resolved": "https://registry.npmjs.org/dom7/-/dom7-2.1.3.tgz",
      "integrity": "sha512-QTxHHDox+M6ZFz1zHPAHZKI3JOHY5iY4i9BK2uctlggxKQwRhO3q3HHFq1BKsT25Bm/ySSj70K6Wk/G4bs9rMQ==",
      "requires": {
        "ssr-window": "^1.0.1"
      }
    },
    "framework7": {
      "version": "3.6.7",
      "resolved": "https://registry.npmjs.org/framework7/-/framework7-3.6.7.tgz",
      "integrity": "sha512-ZCGARBVpeGwju1I4QnrXvRGgHYPNDfsyKIntx+Ie3BuueVmH8M80NnNA1atm01RBqKMB23TiqWitTD4vLlsyiQ==",
      "requires": {
        "dom7": "^2.1.3",
        "path-to-regexp": "^3.0.0",
        "ssr-window": "^1.0.1",
        "template7": "^1.4.1"
      }
    },
    "framework7-icons": {
      "version": "0.9.1",
      "resolved": "https://registry.npmjs.org/framework7-icons/-/framework7-icons-0.9.1.tgz",
      "integrity": "sha512-UuT5GJJ3ghAT/AnFcBJHpt5re/ps+oM1+B8yUolE+EK+Ftnpw0wyOTZH+aeHR1Wd2fEkDnQUMTyvt19drBqX/g=="
    },
    "handlebars": {
      "version": "4.1.2",
      "resolved": "https://registry.npmjs.org/handlebars/-/handlebars-4.1.2.tgz",
      "integrity": "sha512-nvfrjqvt9xQ8Z/w0ijewdD/vvWDTOweBUm96NTr66Wfvo1mJenBLwcYmPs3TIBP5ruzYGD7Hx/DaM9RmhroGPw==",
      "dev": true,
      "requires": {
        "neo-async": "^2.6.0",
        "optimist": "^0.6.1",
        "source-map": "^0.6.1",
        "uglify-js": "^3.1.4"
      }
    },
    "material-icons": {
      "version": "0.2.3",
      "resolved": "https://registry.npmjs.org/material-icons/-/material-icons-0.2.3.tgz",
      "integrity": "sha512-1Q5wp4aeGWjE5POMtdLmqJn94QM7vmUCeJhNO5m0oDrtW1jfWlaLK73vF3C7/fuMD7NIVicyK8TSkwd+diFgaQ=="
    },
    "minimist": {
      "version": "0.0.10",
      "resolved": "https://registry.npmjs.org/minimist/-/minimist-0.0.10.tgz",
      "integrity": "sha1-3j+YVD2/lggr5IrRoMfNqDYwHc8=",
      "dev": true
    },
    "neo-async": {
      "version": "2.6.1",
      "resolved": "https://registry.npmjs.org/neo-async/-/neo-async-2.6.1.tgz",
      "integrity": "sha512-iyam8fBuCUpWeKPGpaNMetEocMt364qkCsfL9JuhjXX6dRnguRVOfk2GZaDpPjcOKiiXCPINZC1GczQ7iTq3Zw==",
      "dev": true
    },
    "optimist": {
      "version": "0.6.1",
      "resolved": "https://registry.npmjs.org/optimist/-/optimist-0.6.1.tgz",
      "integrity": "sha1-2j6nRob6IaGaERwybpDrFaAZZoY=",
      "dev": true,
      "requires": {
        "minimist": "~0.0.1",
        "wordwrap": "~0.0.2"
      }
    },
    "path-to-regexp": {
      "version": "3.0.0",
      "resolved": "https://registry.npmjs.org/path-to-regexp/-/path-to-regexp-3.0.0.tgz",
      "integrity": "sha512-ZOtfhPttCrqp2M1PBBH4X13XlvnfhIwD7yCLx+GoGoXRPQyxGOTdQMpIzPSPKXAJT/JQrdfFrgdJOyAzvgpQ9A=="
    },
    "sortablejs": {
      "version": "1.9.0",
      "resolved": "https://registry.npmjs.org/sortablejs/-/sortablejs-1.9.0.tgz",
      "integrity": "sha512-Ot6bYJ6PoqPmpsqQYXjn1+RKrY2NWQvQt/o4jfd/UYwVWndyO5EPO8YHbnm5HIykf8ENsm4JUrdAvolPT86yYA=="
    },
    "source-map": {
      "version": "0.6.1",
      "resolved": "https://registry.npmjs.org/source-map/-/source-map-0.6.1.tgz",
      "integrity": "sha512-UjgapumWlbMhkBgzT7Ykc5YXUT46F0iKu8SGXq0bcwP5dz/h0Plj6enJqjz1Zbq2l5WaqYnrVbwWOWMyF3F47g==",
      "dev": true
    },
    "ssr-window": {
      "version": "1.0.1",
      "resolved": "https://registry.npmjs.org/ssr-window/-/ssr-window-1.0.1.tgz",
      "integrity": "sha512-dgFqB+f00LJTEgb6UXhx0h+SrG50LJvti2yMKMqAgzfUmUXZrLSv2fjULF7AWGwK25EXu8+smLR3jYsJQChPsg=="
    },
    "template7": {
      "version": "1.4.2",
      "resolved": "https://registry.npmjs.org/template7/-/template7-1.4.2.tgz",
      "integrity": "sha512-eoKnScBMDk7lyj7+iCzKbxGiSLLlQk0DNvmclyJuMCUKxy9JrFuAB+GD5iplF4WiQPtMdI06CHHks3avL22JXA=="
    },
    "uglify-js": {
      "version": "3.6.0",
      "resolved": "https://registry.npmjs.org/uglify-js/-/uglify-js-3.6.0.tgz",
      "integrity": "sha512-W+jrUHJr3DXKhrsS7NUVxn3zqMOFn0hL/Ei6v0anCIMoKC93TjcflTagwIHLW7SfMFfiQuktQyFVCFHGUE0+yg==",
      "dev": true,
      "optional": true,
      "requires": {
        "commander": "~2.20.0",
        "source-map": "~0.6.1"
      }
    },
    "wordwrap": {
      "version": "0.0.3",
      "resolved": "https://registry.npmjs.org/wordwrap/-/wordwrap-0.0.3.tgz",
      "integrity": "sha1-o9XabNXAvAAI03I0u68b7WMFkQc=",
      "dev": true
    }
  }
}
